
Microsoft Visual Studio Solution File, Format Version 12.00
# Visual Studio Version 17
VisualStudioVersion = 17.4.33213.308
MinimumVisualStudioVersion = 10.0.40219.1
Project("{FAE04EC0-301F-11D3-BF4B-00C04F79EFBC}") = "INTEGRACION_API_SALESFORCE", "INTEGRACION_API_SALESFORCE\INTEGRACION_API_SALESFORCE.csproj", "{9A3ACD72-0CA1-49D3-A273-FF656222EC5C}"
EndProject
Project("{FAE04EC0-301F-11D3-BF4B-00C04F79EFBC}") = "Data", "Data\Data.csproj", "{BAE2D38A-741B-4D90-A8AF-97EF6C81E730}"
EndProject
Project("{FAE04EC0-301F-11D3-BF4B-00C04F79EFBC}") = "Negocio", "Negocio\Negocio.csproj", "{B91E8113-4B3F-4347-BB84-31919C7C75D9}"
EndProject
Project("{FAE04EC0-301F-11D3-BF4B-00C04F79EFBC}") = "Modelo", "Modelo\Modelo.csproj", "{2670FFB7-FDFF-430F-97A2-65EB53A5FAC2}"
EndProject
Project("{FAE04EC0-301F-11D3-BF4B-00C04F79EFBC}") = "Helper", "Helper\Helper.csproj", "{D8264D1A-8B54-4F68-BC70-52FA2C4FA521}"
EndProject
Global
	GlobalSection(SolutionConfigurationPlatforms) = preSolution
		Debug|Any CPU = Debug|Any CPU
		Release|Any CPU = Release|Any CPU
	EndGlobalSection
	GlobalSection(ProjectConfigurationPlatforms) = postSolution
		{9A3ACD72-0CA1-49D3-A273-FF656222EC5C}.Debug|Any CPU.ActiveCfg = Debug|Any CPU
		{9A3ACD72-0CA1-49D3-A273-FF656222EC5C}.Debug|Any CPU.Build.0 = Debug|Any CPU
		{9A3ACD72-0CA1-49D3-A273-FF656222EC5C}.Release|Any CPU.ActiveCfg = Release|Any CPU
		{9A3ACD72-0CA1-49D3-A273-FF656222EC5C}.Release|Any CPU.Build.0 = Release|Any CPU
		{BAE2D38A-741B-4D90-A8AF-97EF6C81E730}.Debug|Any CPU.ActiveCfg = Debug|Any CPU
		{BAE2D38A-741B-4D90-A8AF-97EF6C81E730}.Debug|Any CPU.Build.0 = Debug|Any CPU
		{BAE2D38A-741B-4D90-A8AF-97EF6C81E730}.Release|Any CPU.ActiveCfg = Release|Any CPU
		{BAE2D38A-741B-4D90-A8AF-97EF6C81E730}.Release|Any CPU.Build.0 = Release|Any CPU
		{B91E8113-4B3F-4347-BB84-31919C7C75D9}.Debug|Any CPU.ActiveCfg = Debug|Any CPU
		{B91E8113-4B3F-4347-BB84-31919C7C75D9}.Debug|Any CPU.Build.0 = Debug|Any CPU
		{B91E8113-4B3F-4347-BB84-31919C7C75D9}.Release|Any CPU.ActiveCfg = Release|Any CPU
		{B91E8113-4B3F-4347-BB84-31919C7C75D9}.Release|Any CPU.Build.0 = Release|Any CPU
		{2670FFB7-FDFF-430F-97A2-65EB53A5FAC2}.Debug|Any CPU.ActiveCfg = Debug|Any CPU
		{2670FFB7-FDFF-430F-97A2-65EB53A5FAC2}.Debug|Any CPU.Build.0 = Debug|Any CPU
		{2670FFB7-FDFF-430F-97A2-65EB53A5FAC2}.Release|Any CPU.ActiveCfg = Release|Any CPU
		{2670FFB7-FDFF-430F-97A2-65EB53A5FAC2}.Release|Any CPU.Build.0 = Release|Any CPU
		{D8264D1A-8B54-4F68-BC70-52FA2C4FA521}.Debug|Any CPU.ActiveCfg = Debug|Any CPU
		{D8264D1A-8B54-4F68-BC70-52FA2C4FA521}.Debug|Any CPU.Build.0 = Debug|Any CPU
		{D8264D1A-8B54-4F68-BC70-52FA2C4FA521}.Release|Any CPU.ActiveCfg = Release|Any CPU
		{D8264D1A-8B54-4F68-BC70-52FA2C4FA521}.Release|Any CPU.Build.0 = Release|Any CPU
	EndGlobalSection
	GlobalSection(SolutionProperties) = preSolution
		HideSolutionNode = FALSE
	EndGlobalSection
	GlobalSection(ExtensibilityGlobals) = postSolution
		SolutionGuid = {E38390E7-1D8C-45C3-AE26-000350A85154}
	EndGlobalSection
EndGlobal
